
Microsoft Visual Studio Solution File, Format Version 12.00
# Visual Studio 15
VisualStudioVersion = 15.0.26124.0
MinimumVisualStudioVersion = 15.0.26124.0
Project("{2150E333-8FDC-42A3-9474-1A3956D46DE8}") = "src", "src", "{2B0BC292-A457-4B4F-8745-BD01882904C6}"
EndProject
Project("{F2A71F9B-5D33-465A-A702-920D77279786}") = "Jay", "src\Jay\Jay.fsproj", "{05A518DB-8EEC-415C-99E2-45B6969951FF}"
EndProject
Project("{F2A71F9B-5D33-465A-A702-920D77279786}") = "Jay.Tests", "src\Jay.Tests\Jay.Tests.fsproj", "{4FA1E5EB-A158-453A-B3F5-934C0E293FD9}"
EndProject
Global
	GlobalSection(SolutionConfigurationPlatforms) = preSolution
		Debug|Any CPU = Debug|Any CPU
		Debug|x64 = Debug|x64
		Debug|x86 = Debug|x86
		Release|Any CPU = Release|Any CPU
		Release|x64 = Release|x64
		Release|x86 = Release|x86
	EndGlobalSection
	GlobalSection(SolutionProperties) = preSolution
		HideSolutionNode = FALSE
	EndGlobalSection
	GlobalSection(ProjectConfigurationPlatforms) = postSolution
		{05A518DB-8EEC-415C-99E2-45B6969951FF}.Debug|Any CPU.ActiveCfg = Debug|Any CPU
		{05A518DB-8EEC-415C-99E2-45B6969951FF}.Debug|Any CPU.Build.0 = Debug|Any CPU
		{05A518DB-8EEC-415C-99E2-45B6969951FF}.Debug|x64.ActiveCfg = Debug|Any CPU
		{05A518DB-8EEC-415C-99E2-45B6969951FF}.Debug|x64.Build.0 = Debug|Any CPU
		{05A518DB-8EEC-415C-99E2-45B6969951FF}.Debug|x86.ActiveCfg = Debug|Any CPU
		{05A518DB-8EEC-415C-99E2-45B6969951FF}.Debug|x86.Build.0 = Debug|Any CPU
		{05A518DB-8EEC-415C-99E2-45B6969951FF}.Release|Any CPU.ActiveCfg = Release|Any CPU
		{05A518DB-8EEC-415C-99E2-45B6969951FF}.Release|Any CPU.Build.0 = Release|Any CPU
		{05A518DB-8EEC-415C-99E2-45B6969951FF}.Release|x64.ActiveCfg = Release|Any CPU
		{05A518DB-8EEC-415C-99E2-45B6969951FF}.Release|x64.Build.0 = Release|Any CPU
		{05A518DB-8EEC-415C-99E2-45B6969951FF}.Release|x86.ActiveCfg = Release|Any CPU
		{05A518DB-8EEC-415C-99E2-45B6969951FF}.Release|x86.Build.0 = Release|Any CPU
		{4FA1E5EB-A158-453A-B3F5-934C0E293FD9}.Debug|Any CPU.ActiveCfg = Debug|Any CPU
		{4FA1E5EB-A158-453A-B3F5-934C0E293FD9}.Debug|Any CPU.Build.0 = Debug|Any CPU
		{4FA1E5EB-A158-453A-B3F5-934C0E293FD9}.Debug|x64.ActiveCfg = Debug|Any CPU
		{4FA1E5EB-A158-453A-B3F5-934C0E293FD9}.Debug|x64.Build.0 = Debug|Any CPU
		{4FA1E5EB-A158-453A-B3F5-934C0E293FD9}.Debug|x86.ActiveCfg = Debug|Any CPU
		{4FA1E5EB-A158-453A-B3F5-934C0E293FD9}.Debug|x86.Build.0 = Debug|Any CPU
		{4FA1E5EB-A158-453A-B3F5-934C0E293FD9}.Release|Any CPU.ActiveCfg = Release|Any CPU
		{4FA1E5EB-A158-453A-B3F5-934C0E293FD9}.Release|Any CPU.Build.0 = Release|Any CPU
		{4FA1E5EB-A158-453A-B3F5-934C0E293FD9}.Release|x64.ActiveCfg = Release|Any CPU
		{4FA1E5EB-A158-453A-B3F5-934C0E293FD9}.Release|x64.Build.0 = Release|Any CPU
		{4FA1E5EB-A158-453A-B3F5-934C0E293FD9}.Release|x86.ActiveCfg = Release|Any CPU
		{4FA1E5EB-A158-453A-B3F5-934C0E293FD9}.Release|x86.Build.0 = Release|Any CPU
	EndGlobalSection
	GlobalSection(NestedProjects) = preSolution
		{05A518DB-8EEC-415C-99E2-45B6969951FF} = {2B0BC292-A457-4B4F-8745-BD01882904C6}
		{4FA1E5EB-A158-453A-B3F5-934C0E293FD9} = {2B0BC292-A457-4B4F-8745-BD01882904C6}
	EndGlobalSection
EndGlobal
